
Microsoft Visual Studio Solution File, Format Version 12.00
# Visual Studio 14
VisualStudioVersion = 14.0.25420.1
MinimumVisualStudioVersion = 10.0.40219.1
Project("{FAE04EC0-301F-11D3-BF4B-00C04F79EFBC}") = "Droid", "Source\Designer\Droid\Droid.csproj", "{000E801A-87BE-4079-8DDF-6C1193970742}"
EndProject
Project("{FAE04EC0-301F-11D3-BF4B-00C04F79EFBC}") = "Designer.UI", "Source\Designer\UI\Designer.UI.csproj", "{0F85BEE8-AF6F-4871-A886-B34DCC936771}"
EndProject
Project("{FAE04EC0-301F-11D3-BF4B-00C04F79EFBC}") = "Core", "Source\Core\Core.csproj", "{4FA21616-BC54-4AE4-86B8-8DDA85EDD227}"
EndProject
Project("{FAE04EC0-301F-11D3-BF4B-00C04F79EFBC}") = "Designer.Tests", "Source\Designer\Tests\Designer.Tests.csproj", "{E644268B-CD06-437A-87E9-54F805E91375}"
EndProject
Project("{FAE04EC0-301F-11D3-BF4B-00C04F79EFBC}") = "Core.Platform", "Source\Core.Platform\Core.Platform.csproj", "{6F11E5A0-765F-4967-93DB-79661BFDD28C}"
EndProject
Project("{FAE04EC0-301F-11D3-BF4B-00C04F79EFBC}") = "iOS", "Source\Designer\iOS\iOS.csproj", "{E3F4AE2F-86C4-45D5-956A-0564E22721C2}"
EndProject
Global
	GlobalSection(SolutionConfigurationPlatforms) = preSolution
		Ad-Hoc|Any CPU = Ad-Hoc|Any CPU
		Ad-Hoc|iPhone = Ad-Hoc|iPhone
		Ad-Hoc|iPhoneSimulator = Ad-Hoc|iPhoneSimulator
		AppStore|Any CPU = AppStore|Any CPU
		AppStore|iPhone = AppStore|iPhone
		AppStore|iPhoneSimulator = AppStore|iPhoneSimulator
		Debug|Any CPU = Debug|Any CPU
		Debug|iPhone = Debug|iPhone
		Debug|iPhoneSimulator = Debug|iPhoneSimulator
		Release|Any CPU = Release|Any CPU
		Release|iPhone = Release|iPhone
		Release|iPhoneSimulator = Release|iPhoneSimulator
	EndGlobalSection
	GlobalSection(ProjectConfigurationPlatforms) = postSolution
		{000E801A-87BE-4079-8DDF-6C1193970742}.Ad-Hoc|Any CPU.ActiveCfg = Release|Any CPU
		{000E801A-87BE-4079-8DDF-6C1193970742}.Ad-Hoc|Any CPU.Build.0 = Release|Any CPU
		{000E801A-87BE-4079-8DDF-6C1193970742}.Ad-Hoc|Any CPU.Deploy.0 = Release|Any CPU
		{000E801A-87BE-4079-8DDF-6C1193970742}.Ad-Hoc|iPhone.ActiveCfg = Release|Any CPU
		{000E801A-87BE-4079-8DDF-6C1193970742}.Ad-Hoc|iPhone.Build.0 = Release|Any CPU
		{000E801A-87BE-4079-8DDF-6C1193970742}.Ad-Hoc|iPhone.Deploy.0 = Release|Any CPU
		{000E801A-87BE-4079-8DDF-6C1193970742}.Ad-Hoc|iPhoneSimulator.ActiveCfg = Release|Any CPU
		{000E801A-87BE-4079-8DDF-6C1193970742}.Ad-Hoc|iPhoneSimulator.Build.0 = Release|Any CPU
		{000E801A-87BE-4079-8DDF-6C1193970742}.Ad-Hoc|iPhoneSimulator.Deploy.0 = Release|Any CPU
		{000E801A-87BE-4079-8DDF-6C1193970742}.AppStore|Any CPU.ActiveCfg = Release|Any CPU
		{000E801A-87BE-4079-8DDF-6C1193970742}.AppStore|Any CPU.Build.0 = Release|Any CPU
		{000E801A-87BE-4079-8DDF-6C1193970742}.AppStore|Any CPU.Deploy.0 = Release|Any CPU
		{000E801A-87BE-4079-8DDF-6C1193970742}.AppStore|iPhone.ActiveCfg = Release|Any CPU
		{000E801A-87BE-4079-8DDF-6C1193970742}.AppStore|iPhone.Build.0 = Release|Any CPU
		{000E801A-87BE-4079-8DDF-6C1193970742}.AppStore|iPhone.Deploy.0 = Release|Any CPU
		{000E801A-87BE-4079-8DDF-6C1193970742}.AppStore|iPhoneSimulator.ActiveCfg = Release|Any CPU
		{000E801A-87BE-4079-8DDF-6C1193970742}.AppStore|iPhoneSimulator.Build.0 = Release|Any CPU
		{000E801A-87BE-4079-8DDF-6C1193970742}.AppStore|iPhoneSimulator.Deploy.0 = Release|Any CPU
		{000E801A-87BE-4079-8DDF-6C1193970742}.Debug|Any CPU.ActiveCfg = Debug|Any CPU
		{000E801A-87BE-4079-8DDF-6C1193970742}.Debug|Any CPU.Build.0 = Debug|Any CPU
		{000E801A-87BE-4079-8DDF-6C1193970742}.Debug|Any CPU.Deploy.0 = Debug|Any CPU
		{000E801A-87BE-4079-8DDF-6C1193970742}.Debug|iPhone.ActiveCfg = Debug|Any CPU
		{000E801A-87BE-4079-8DDF-6C1193970742}.Debug|iPhone.Build.0 = Debug|Any CPU
		{000E801A-87BE-4079-8DDF-6C1193970742}.Debug|iPhone.Deploy.0 = Debug|Any CPU
		{000E801A-87BE-4079-8DDF-6C1193970742}.Debug|iPhoneSimulator.ActiveCfg = Debug|Any CPU
		{000E801A-87BE-4079-8DDF-6C1193970742}.Debug|iPhoneSimulator.Build.0 = Debug|Any CPU
		{000E801A-87BE-4079-8DDF-6C1193970742}.Debug|iPhoneSimulator.Deploy.0 = Debug|Any CPU
		{000E801A-87BE-4079-8DDF-6C1193970742}.Release|Any CPU.ActiveCfg = Release|Any CPU
		{000E801A-87BE-4079-8DDF-6C1193970742}.Release|Any CPU.Build.0 = Release|Any CPU
		{000E801A-87BE-4079-8DDF-6C1193970742}.Release|Any CPU.Deploy.0 = Release|Any CPU
		{000E801A-87BE-4079-8DDF-6C1193970742}.Release|iPhone.ActiveCfg = Release|Any CPU
		{000E801A-87BE-4079-8DDF-6C1193970742}.Release|iPhone.Build.0 = Release|Any CPU
		{000E801A-87BE-4079-8DDF-6C1193970742}.Release|iPhone.Deploy.0 = Release|Any CPU
		{000E801A-87BE-4079-8DDF-6C1193970742}.Release|iPhoneSimulator.ActiveCfg = Release|Any CPU
		{000E801A-87BE-4079-8DDF-6C1193970742}.Release|iPhoneSimulator.Build.0 = Release|Any CPU
		{000E801A-87BE-4079-8DDF-6C1193970742}.Release|iPhoneSimulator.Deploy.0 = Release|Any CPU
		{0F85BEE8-AF6F-4871-A886-B34DCC936771}.Ad-Hoc|Any CPU.ActiveCfg = Release|Any CPU
		{0F85BEE8-AF6F-4871-A886-B34DCC936771}.Ad-Hoc|Any CPU.Build.0 = Release|Any CPU
		{0F85BEE8-AF6F-4871-A886-B34DCC936771}.Ad-Hoc|iPhone.ActiveCfg = Release|Any CPU
		{0F85BEE8-AF6F-4871-A886-B34DCC936771}.Ad-Hoc|iPhone.Build.0 = Release|Any CPU
		{0F85BEE8-AF6F-4871-A886-B34DCC936771}.Ad-Hoc|iPhoneSimulator.ActiveCfg = Release|Any CPU
		{0F85BEE8-AF6F-4871-A886-B34DCC936771}.Ad-Hoc|iPhoneSimulator.Build.0 = Release|Any CPU
		{0F85BEE8-AF6F-4871-A886-B34DCC936771}.AppStore|Any CPU.ActiveCfg = Release|Any CPU
		{0F85BEE8-AF6F-4871-A886-B34DCC936771}.AppStore|Any CPU.Build.0 = Release|Any CPU
		{0F85BEE8-AF6F-4871-A886-B34DCC936771}.AppStore|iPhone.ActiveCfg = Release|Any CPU
		{0F85BEE8-AF6F-4871-A886-B34DCC936771}.AppStore|iPhone.Build.0 = Release|Any CPU
		{0F85BEE8-AF6F-4871-A886-B34DCC936771}.AppStore|iPhoneSimulator.ActiveCfg = Release|Any CPU
		{0F85BEE8-AF6F-4871-A886-B34DCC936771}.AppStore|iPhoneSimulator.Build.0 = Release|Any CPU
		{0F85BEE8-AF6F-4871-A886-B34DCC936771}.Debug|Any CPU.ActiveCfg = Debug|Any CPU
		{0F85BEE8-AF6F-4871-A886-B34DCC936771}.Debug|Any CPU.Build.0 = Debug|Any CPU
		{0F85BEE8-AF6F-4871-A886-B34DCC936771}.Debug|iPhone.ActiveCfg = Debug|Any CPU
		{0F85BEE8-AF6F-4871-A886-B34DCC936771}.Debug|iPhone.Build.0 = Debug|Any CPU
		{0F85BEE8-AF6F-4871-A886-B34DCC936771}.Debug|iPhoneSimulator.ActiveCfg = Debug|Any CPU
		{0F85BEE8-AF6F-4871-A886-B34DCC936771}.Debug|iPhoneSimulator.Build.0 = Debug|Any CPU
		{0F85BEE8-AF6F-4871-A886-B34DCC936771}.Release|Any CPU.ActiveCfg = Release|Any CPU
		{0F85BEE8-AF6F-4871-A886-B34DCC936771}.Release|Any CPU.Build.0 = Release|Any CPU
		{0F85BEE8-AF6F-4871-A886-B34DCC936771}.Release|iPhone.ActiveCfg = Release|Any CPU
		{0F85BEE8-AF6F-4871-A886-B34DCC936771}.Release|iPhone.Build.0 = Release|Any CPU
		{0F85BEE8-AF6F-4871-A886-B34DCC936771}.Release|iPhoneSimulator.ActiveCfg = Release|Any CPU
		{0F85BEE8-AF6F-4871-A886-B34DCC936771}.Release|iPhoneSimulator.Build.0 = Release|Any CPU
		{4FA21616-BC54-4AE4-86B8-8DDA85EDD227}.Ad-Hoc|Any CPU.ActiveCfg = Release|Any CPU
		{4FA21616-BC54-4AE4-86B8-8DDA85EDD227}.Ad-Hoc|Any CPU.Build.0 = Release|Any CPU
		{4FA21616-BC54-4AE4-86B8-8DDA85EDD227}.Ad-Hoc|iPhone.ActiveCfg = Release|Any CPU
		{4FA21616-BC54-4AE4-86B8-8DDA85EDD227}.Ad-Hoc|iPhone.Build.0 = Release|Any CPU
		{4FA21616-BC54-4AE4-86B8-8DDA85EDD227}.Ad-Hoc|iPhoneSimulator.ActiveCfg = Release|Any CPU
		{4FA21616-BC54-4AE4-86B8-8DDA85EDD227}.Ad-Hoc|iPhoneSimulator.Build.0 = Release|Any CPU
		{4FA21616-BC54-4AE4-86B8-8DDA85EDD227}.AppStore|Any CPU.ActiveCfg = Release|Any CPU
		{4FA21616-BC54-4AE4-86B8-8DDA85EDD227}.AppStore|Any CPU.Build.0 = Release|Any CPU
		{4FA21616-BC54-4AE4-86B8-8DDA85EDD227}.AppStore|iPhone.ActiveCfg = Release|Any CPU
		{4FA21616-BC54-4AE4-86B8-8DDA85EDD227}.AppStore|iPhone.Build.0 = Release|Any CPU
		{4FA21616-BC54-4AE4-86B8-8DDA85EDD227}.AppStore|iPhoneSimulator.ActiveCfg = Release|Any CPU
		{4FA21616-BC54-4AE4-86B8-8DDA85EDD227}.AppStore|iPhoneSimulator.Build.0 = Release|Any CPU
		{4FA21616-BC54-4AE4-86B8-8DDA85EDD227}.Debug|Any CPU.ActiveCfg = Debug|Any CPU
		{4FA21616-BC54-4AE4-86B8-8DDA85EDD227}.Debug|Any CPU.Build.0 = Debug|Any CPU
		{4FA21616-BC54-4AE4-86B8-8DDA85EDD227}.Debug|iPhone.ActiveCfg = Debug|Any CPU
		{4FA21616-BC54-4AE4-86B8-8DDA85EDD227}.Debug|iPhone.Build.0 = Debug|Any CPU
		{4FA21616-BC54-4AE4-86B8-8DDA85EDD227}.Debug|iPhoneSimulator.ActiveCfg = Debug|Any CPU
		{4FA21616-BC54-4AE4-86B8-8DDA85EDD227}.Debug|iPhoneSimulator.Build.0 = Debug|Any CPU
		{4FA21616-BC54-4AE4-86B8-8DDA85EDD227}.Release|Any CPU.ActiveCfg = Release|Any CPU
		{4FA21616-BC54-4AE4-86B8-8DDA85EDD227}.Release|Any CPU.Build.0 = Release|Any CPU
		{4FA21616-BC54-4AE4-86B8-8DDA85EDD227}.Release|iPhone.ActiveCfg = Release|Any CPU
		{4FA21616-BC54-4AE4-86B8-8DDA85EDD227}.Release|iPhone.Build.0 = Release|Any CPU
		{4FA21616-BC54-4AE4-86B8-8DDA85EDD227}.Release|iPhoneSimulator.ActiveCfg = Release|Any CPU
		{4FA21616-BC54-4AE4-86B8-8DDA85EDD227}.Release|iPhoneSimulator.Build.0 = Release|Any CPU
		{E644268B-CD06-437A-87E9-54F805E91375}.Ad-Hoc|Any CPU.ActiveCfg = Release|Any CPU
		{E644268B-CD06-437A-87E9-54F805E91375}.Ad-Hoc|Any CPU.Build.0 = Release|Any CPU
		{E644268B-CD06-437A-87E9-54F805E91375}.Ad-Hoc|iPhone.ActiveCfg = Release|Any CPU
		{E644268B-CD06-437A-87E9-54F805E91375}.Ad-Hoc|iPhone.Build.0 = Release|Any CPU
		{E644268B-CD06-437A-87E9-54F805E91375}.Ad-Hoc|iPhoneSimulator.ActiveCfg = Release|Any CPU
		{E644268B-CD06-437A-87E9-54F805E91375}.Ad-Hoc|iPhoneSimulator.Build.0 = Release|Any CPU
		{E644268B-CD06-437A-87E9-54F805E91375}.AppStore|Any CPU.ActiveCfg = Release|Any CPU
		{E644268B-CD06-437A-87E9-54F805E91375}.AppStore|Any CPU.Build.0 = Release|Any CPU
		{E644268B-CD06-437A-87E9-54F805E91375}.AppStore|iPhone.ActiveCfg = Release|Any CPU
		{E644268B-CD06-437A-87E9-54F805E91375}.AppStore|iPhone.Build.0 = Release|Any CPU
		{E644268B-CD06-437A-87E9-54F805E91375}.AppStore|iPhoneSimulator.ActiveCfg = Release|Any CPU
		{E644268B-CD06-437A-87E9-54F805E91375}.AppStore|iPhoneSimulator.Build.0 = Release|Any CPU
		{E644268B-CD06-437A-87E9-54F805E91375}.Debug|Any CPU.ActiveCfg = Debug|Any CPU
		{E644268B-CD06-437A-87E9-54F805E91375}.Debug|Any CPU.Build.0 = Debug|Any CPU
		{E644268B-CD06-437A-87E9-54F805E91375}.Debug|iPhone.ActiveCfg = Debug|Any CPU
		{E644268B-CD06-437A-87E9-54F805E91375}.Debug|iPhone.Build.0 = Debug|Any CPU
		{E644268B-CD06-437A-87E9-54F805E91375}.Debug|iPhoneSimulator.ActiveCfg = Debug|Any CPU
		{E644268B-CD06-437A-87E9-54F805E91375}.Debug|iPhoneSimulator.Build.0 = Debug|Any CPU
		{E644268B-CD06-437A-87E9-54F805E91375}.Release|Any CPU.ActiveCfg = Release|Any CPU
		{E644268B-CD06-437A-87E9-54F805E91375}.Release|iPhone.ActiveCfg = Release|Any CPU
		{E644268B-CD06-437A-87E9-54F805E91375}.Release|iPhone.Build.0 = Release|Any CPU
		{E644268B-CD06-437A-87E9-54F805E91375}.Release|iPhoneSimulator.ActiveCfg = Release|Any CPU
		{E644268B-CD06-437A-87E9-54F805E91375}.Release|iPhoneSimulator.Build.0 = Release|Any CPU
		{6F11E5A0-765F-4967-93DB-79661BFDD28C}.Ad-Hoc|Any CPU.ActiveCfg = Release|Any CPU
		{6F11E5A0-765F-4967-93DB-79661BFDD28C}.Ad-Hoc|Any CPU.Build.0 = Release|Any CPU
		{6F11E5A0-765F-4967-93DB-79661BFDD28C}.Ad-Hoc|iPhone.ActiveCfg = Release|Any CPU
		{6F11E5A0-765F-4967-93DB-79661BFDD28C}.Ad-Hoc|iPhone.Build.0 = Release|Any CPU
		{6F11E5A0-765F-4967-93DB-79661BFDD28C}.Ad-Hoc|iPhoneSimulator.ActiveCfg = Release|Any CPU
		{6F11E5A0-765F-4967-93DB-79661BFDD28C}.Ad-Hoc|iPhoneSimulator.Build.0 = Release|Any CPU
		{6F11E5A0-765F-4967-93DB-79661BFDD28C}.AppStore|Any CPU.ActiveCfg = Release|Any CPU
		{6F11E5A0-765F-4967-93DB-79661BFDD28C}.AppStore|Any CPU.Build.0 = Release|Any CPU
		{6F11E5A0-765F-4967-93DB-79661BFDD28C}.AppStore|iPhone.ActiveCfg = Release|Any CPU
		{6F11E5A0-765F-4967-93DB-79661BFDD28C}.AppStore|iPhone.Build.0 = Release|Any CPU
		{6F11E5A0-765F-4967-93DB-79661BFDD28C}.AppStore|iPhoneSimulator.ActiveCfg = Release|Any CPU
		{6F11E5A0-765F-4967-93DB-79661BFDD28C}.AppStore|iPhoneSimulator.Build.0 = Release|Any CPU
		{6F11E5A0-765F-4967-93DB-79661BFDD28C}.Debug|Any CPU.ActiveCfg = Debug|Any CPU
		{6F11E5A0-765F-4967-93DB-79661BFDD28C}.Debug|Any CPU.Build.0 = Debug|Any CPU
		{6F11E5A0-765F-4967-93DB-79661BFDD28C}.Debug|iPhone.ActiveCfg = Debug|Any CPU
		{6F11E5A0-765F-4967-93DB-79661BFDD28C}.Debug|iPhone.Build.0 = Debug|Any CPU
		{6F11E5A0-765F-4967-93DB-79661BFDD28C}.Debug|iPhoneSimulator.ActiveCfg = Debug|Any CPU
		{6F11E5A0-765F-4967-93DB-79661BFDD28C}.Debug|iPhoneSimulator.Build.0 = Debug|Any CPU
		{6F11E5A0-765F-4967-93DB-79661BFDD28C}.Release|Any CPU.ActiveCfg = Release|Any CPU
		{6F11E5A0-765F-4967-93DB-79661BFDD28C}.Release|Any CPU.Build.0 = Release|Any CPU
		{6F11E5A0-765F-4967-93DB-79661BFDD28C}.Release|iPhone.ActiveCfg = Release|Any CPU
		{6F11E5A0-765F-4967-93DB-79661BFDD28C}.Release|iPhone.Build.0 = Release|Any CPU
		{6F11E5A0-765F-4967-93DB-79661BFDD28C}.Release|iPhoneSimulator.ActiveCfg = Release|Any CPU
		{6F11E5A0-765F-4967-93DB-79661BFDD28C}.Release|iPhoneSimulator.Build.0 = Release|Any CPU
		{E3F4AE2F-86C4-45D5-956A-0564E22721C2}.Ad-Hoc|Any CPU.ActiveCfg = Ad-Hoc|iPhone
		{E3F4AE2F-86C4-45D5-956A-0564E22721C2}.Ad-Hoc|iPhone.ActiveCfg = Ad-Hoc|iPhone
		{E3F4AE2F-86C4-45D5-956A-0564E22721C2}.Ad-Hoc|iPhone.Build.0 = Ad-Hoc|iPhone
		{E3F4AE2F-86C4-45D5-956A-0564E22721C2}.Ad-Hoc|iPhoneSimulator.ActiveCfg = Ad-Hoc|iPhoneSimulator
		{E3F4AE2F-86C4-45D5-956A-0564E22721C2}.Ad-Hoc|iPhoneSimulator.Build.0 = Ad-Hoc|iPhoneSimulator
		{E3F4AE2F-86C4-45D5-956A-0564E22721C2}.AppStore|Any CPU.ActiveCfg = AppStore|iPhone
		{E3F4AE2F-86C4-45D5-956A-0564E22721C2}.AppStore|iPhone.ActiveCfg = AppStore|iPhone
		{E3F4AE2F-86C4-45D5-956A-0564E22721C2}.AppStore|iPhone.Build.0 = AppStore|iPhone
		{E3F4AE2F-86C4-45D5-956A-0564E22721C2}.AppStore|iPhoneSimulator.ActiveCfg = AppStore|iPhoneSimulator
		{E3F4AE2F-86C4-45D5-956A-0564E22721C2}.AppStore|iPhoneSimulator.Build.0 = AppStore|iPhoneSimulator
		{E3F4AE2F-86C4-45D5-956A-0564E22721C2}.Debug|Any CPU.ActiveCfg = Debug|iPhone
		{E3F4AE2F-86C4-45D5-956A-0564E22721C2}.Debug|Any CPU.Build.0 = Debug|iPhone
		{E3F4AE2F-86C4-45D5-956A-0564E22721C2}.Debug|iPhone.ActiveCfg = Debug|iPhone
		{E3F4AE2F-86C4-45D5-956A-0564E22721C2}.Debug|iPhoneSimulator.ActiveCfg = Debug|iPhoneSimulator
		{E3F4AE2F-86C4-45D5-956A-0564E22721C2}.Debug|iPhoneSimulator.Build.0 = Debug|iPhoneSimulator
		{E3F4AE2F-86C4-45D5-956A-0564E22721C2}.Release|Any CPU.ActiveCfg = Release|iPhone
		{E3F4AE2F-86C4-45D5-956A-0564E22721C2}.Release|iPhone.ActiveCfg = Release|iPhone
		{E3F4AE2F-86C4-45D5-956A-0564E22721C2}.Release|iPhone.Build.0 = Release|iPhone
		{E3F4AE2F-86C4-45D5-956A-0564E22721C2}.Release|iPhoneSimulator.ActiveCfg = Release|iPhoneSimulator
		{E3F4AE2F-86C4-45D5-956A-0564E22721C2}.Release|iPhoneSimulator.Build.0 = Release|iPhoneSimulator
	EndGlobalSection
	GlobalSection(SolutionProperties) = preSolution
		HideSolutionNode = FALSE
	EndGlobalSection
EndGlobal
